
Microsoft Visual Studio Solution File, Format Version 12.00
# Visual Studio Version 16
VisualStudioVersion = 16.0.31911.196
MinimumVisualStudioVersion = 10.0.40219.1
Project("{FAE04EC0-301F-11D3-BF4B-00C04F79EFBC}") = "ChipAntiAFK", "ChipAntiAFK\ChipAntiAFK.csproj", "{9FA3C0C8-4D9A-4ED4-A2A6-3A5772D41EB4}"
EndProject
Global
	GlobalSection(SolutionConfigurationPlatforms) = preSolution
		Debug|Any CPU = Debug|Any CPU
		Release|Any CPU = Release|Any CPU
	EndGlobalSection
	GlobalSection(ProjectConfigurationPlatforms) = postSolution
		{9FA3C0C8-4D9A-4ED4-A2A6-3A5772D41EB4}.Debug|Any CPU.ActiveCfg = Debug|Any CPU
		{9FA3C0C8-4D9A-4ED4-A2A6-3A5772D41EB4}.Debug|Any CPU.Build.0 = Debug|Any CPU
		{9FA3C0C8-4D9A-4ED4-A2A6-3A5772D41EB4}.Release|Any CPU.ActiveCfg = Release|Any CPU
		{9FA3C0C8-4D9A-4ED4-A2A6-3A5772D41EB4}.Release|Any CPU.Build.0 = Release|Any CPU
	EndGlobalSection
	GlobalSection(SolutionProperties) = preSolution
		HideSolutionNode = FALSE
	EndGlobalSection
	GlobalSection(ExtensibilityGlobals) = postSolution
		SolutionGuid = {A8BA50F2-3D5C-457C-928E-433978361E0D}
	EndGlobalSection
EndGlobal
